
Microsoft Visual Studio Solution File, Format Version 12.00
# Visual Studio Version 16
VisualStudioVersion = 16.0.31424.327
MinimumVisualStudioVersion = 10.0.40219.1
Project("{FAE04EC0-301F-11D3-BF4B-00C04F79EFBC}") = "TracerCafe", "TracerCafe\TracerCafe.csproj", "{3B193B11-B8B8-4AB1-B36E-F7D5D374FD0B}"
EndProject
Project("{FAE04EC0-301F-11D3-BF4B-00C04F79EFBC}") = "TracerCafe.Domain", "TracerCafe.Domain\TracerCafe.Domain.csproj", "{15795214-66FF-4BD6-8632-03B980340BDF}"
EndProject
Project("{FAE04EC0-301F-11D3-BF4B-00C04F79EFBC}") = "TracerCafe.Infrastructure", "TracerCafe.Infrastructure\TracerCafe.Infrastructure.csproj", "{5215C65B-2D5D-4B1D-9947-ED2A15B6F6CA}"
EndProject
Project("{2150E333-8FDC-42A3-9474-1A3956D46DE8}") = "Solution Items", "Solution Items", "{EC4AF322-803A-413E-84F3-F3B9AF4CCBE5}"
	ProjectSection(SolutionItems) = preProject
		Notes.txt = Notes.txt
	EndProjectSection
EndProject
Global
	GlobalSection(SolutionConfigurationPlatforms) = preSolution
		Debug|Any CPU = Debug|Any CPU
		Release|Any CPU = Release|Any CPU
	EndGlobalSection
	GlobalSection(ProjectConfigurationPlatforms) = postSolution
		{3B193B11-B8B8-4AB1-B36E-F7D5D374FD0B}.Debug|Any CPU.ActiveCfg = Debug|Any CPU
		{3B193B11-B8B8-4AB1-B36E-F7D5D374FD0B}.Debug|Any CPU.Build.0 = Debug|Any CPU
		{3B193B11-B8B8-4AB1-B36E-F7D5D374FD0B}.Release|Any CPU.ActiveCfg = Release|Any CPU
		{3B193B11-B8B8-4AB1-B36E-F7D5D374FD0B}.Release|Any CPU.Build.0 = Release|Any CPU
		{15795214-66FF-4BD6-8632-03B980340BDF}.Debug|Any CPU.ActiveCfg = Debug|Any CPU
		{15795214-66FF-4BD6-8632-03B980340BDF}.Debug|Any CPU.Build.0 = Debug|Any CPU
		{15795214-66FF-4BD6-8632-03B980340BDF}.Release|Any CPU.ActiveCfg = Release|Any CPU
		{15795214-66FF-4BD6-8632-03B980340BDF}.Release|Any CPU.Build.0 = Release|Any CPU
		{5215C65B-2D5D-4B1D-9947-ED2A15B6F6CA}.Debug|Any CPU.ActiveCfg = Debug|Any CPU
		{5215C65B-2D5D-4B1D-9947-ED2A15B6F6CA}.Debug|Any CPU.Build.0 = Debug|Any CPU
		{5215C65B-2D5D-4B1D-9947-ED2A15B6F6CA}.Release|Any CPU.ActiveCfg = Release|Any CPU
		{5215C65B-2D5D-4B1D-9947-ED2A15B6F6CA}.Release|Any CPU.Build.0 = Release|Any CPU
	EndGlobalSection
	GlobalSection(SolutionProperties) = preSolution
		HideSolutionNode = FALSE
	EndGlobalSection
	GlobalSection(ExtensibilityGlobals) = postSolution
		SolutionGuid = {39A4784F-0A07-4A02-B267-1530752BCC90}
	EndGlobalSection
EndGlobal
